<?xml version="1.0" encoding="utf-8"?>
<Project ToolsVersion="4.0" xmlns="http://schemas.microsoft.com/developer/msbuild/2003">
  <ItemGroup>
    <Filter Include="헤더 파일">
      <UniqueIdentifier>{93995380-89BD-4b04-88EB-625FBE52EBFB}</UniqueIdentifier>
      <Extensions>h;hh;hpp;hxx;hm;inl;inc;xsd</Extensions>
    </Filter>
    <Filter Include="UI 파일">
      <UniqueIdentifier>{99349809-55BA-4b9d-BF79-8FDBB0286EB3}</UniqueIdentifier>
      <Extensions>ui</Extensions>
    </Filter>
    <Filter Include="리소스 파일">
      <UniqueIdentifier>{67DA6AB6-F800-4c08-8B7A-83BB121AAD01}</UniqueIdentifier>
      <Extensions>qrc;rc;ico;cur;bmp;dlg;rc2;rct;bin;rgs;gif;jpg;jpeg;jpe;resx;tiff;tif;png;wav;mfcribbon-ms</Extensions>
    </Filter>
    <Filter Include="소스 파일">
      <UniqueIdentifier>{4FC737F1-C7A5-4376-A066-2A32D752A2FF}</UniqueIdentifier>
      <Extensions>cpp;c;cc;cxx;def;odl;idl;hpj;bat;asm;asmx</Extensions>
    </Filter>
    <Filter Include="번역 파일">
      <UniqueIdentifier>{639EADAA-A684-42e4-A9AD-28FC9BCB8F7C}</UniqueIdentifier>
      <Extensions>ts</Extensions>
    </Filter>
    <Filter Include="라이브러리">
      <UniqueIdentifier>{f9eaf2d0-790d-4ec5-a659-5e677bdb10de}</UniqueIdentifier>
    </Filter>
    <Filter Include="라이브러리\공통 라이브러리">
      <UniqueIdentifier>{407bd63d-cb4e-42dc-b0e2-914d21b84197}</UniqueIdentifier>
    </Filter>
    <Filter Include="라이브러리\공통 라이브러리\Logger">
      <UniqueIdentifier>{ebf01e83-ccc0-46cf-9f22-610fd4b9c2d1}</UniqueIdentifier>
    </Filter>
    <Filter Include="라이브러리\공통 라이브러리\formatter">
      <UniqueIdentifier>{86fc67f1-6049-4614-8c8d-16578e79d587}</UniqueIdentifier>
    </Filter>
  </ItemGroup>
  <ItemGroup>
    <QtRcc Include="A2I.qrc">
      <Filter>리소스 파일</Filter>
    </QtRcc>
    <QtUic Include="A2I.ui">
      <Filter>UI 파일</Filter>
    </QtUic>
    <QtMoc Include="A2I.h">
      <Filter>헤더 파일</Filter>
    </QtMoc>
    <ClCompile Include="A2I.cpp">
      <Filter>소스 파일</Filter>
    </ClCompile>
  </ItemGroup>
  <ItemGroup>
    <ClCompile Include="main.cpp">
      <Filter>소스 파일</Filter>
    </ClCompile>
    <ClCompile Include="..\SharedLib\Logger\SharedLogger.cpp">
      <Filter>라이브러리\공통 라이브러리\Logger</Filter>
    </ClCompile>
    <ClCompile Include="..\SharedLib\formatter\format.cc">
      <Filter>라이브러리\공통 라이브러리\formatter</Filter>
    </ClCompile>
    <ClCompile Include="..\SharedLib\formatter\posix.cc">
      <Filter>라이브러리\공통 라이브러리\formatter</Filter>
    </ClCompile>
    <ClCompile Include="stdafx.cpp">
      <Filter>소스 파일</Filter>
    </ClCompile>
  </ItemGroup>
  <ItemGroup>
    <ClInclude Include="..\SharedLib\SharedLibInit.h">
      <Filter>라이브러리\공통 라이브러리</Filter>
    </ClInclude>
    <ClInclude Include="..\SharedLib\Logger\SharedLogger.h">
      <Filter>라이브러리\공통 라이브러리\Logger</Filter>
    </ClInclude>
    <ClInclude Include="..\SharedLib\SharedBase.h">
      <Filter>라이브러리\공통 라이브러리</Filter>
    </ClInclude>
    <ClInclude Include="..\SharedLib\formatter\format.h">
      <Filter>라이브러리\공통 라이브러리\formatter</Filter>
    </ClInclude>
    <ClInclude Include="..\SharedLib\formatter\posix.h">
      <Filter>라이브러리\공통 라이브러리\formatter</Filter>
    </ClInclude>
    <ClInclude Include="stdafx.h">
      <Filter>헤더 파일</Filter>
    </ClInclude>
  </ItemGroup>
</Project>